
Microsoft Visual Studio Solution File, Format Version 12.00
# Visual Studio Version 17
VisualStudioVersion = 17.6.33723.286
MinimumVisualStudioVersion = 10.0.40219.1
Project("{FAE04EC0-301F-11D3-BF4B-00C04F79EFBC}") = "Dominio", "Dominio\Dominio.csproj", "{3874FFA3-B0CA-4C8F-AFB7-B1331283E5FF}"
EndProject
Project("{FAE04EC0-301F-11D3-BF4B-00C04F79EFBC}") = "Negocio", "Negocio\Negocio.csproj", "{0364DC8D-71ED-4E6D-A16D-67D2BA2F2BD2}"
EndProject
Project("{FAE04EC0-301F-11D3-BF4B-00C04F79EFBC}") = "Presentacion", "Presentacion\Presentacion.csproj", "{8F1A1714-BEF9-48D3-B2FC-B8479998C6A1}"
EndProject
Global
	GlobalSection(SolutionConfigurationPlatforms) = preSolution
		Debug|Any CPU = Debug|Any CPU
		Release|Any CPU = Release|Any CPU
	EndGlobalSection
	GlobalSection(ProjectConfigurationPlatforms) = postSolution
		{3874FFA3-B0CA-4C8F-AFB7-B1331283E5FF}.Debug|Any CPU.ActiveCfg = Debug|Any CPU
		{3874FFA3-B0CA-4C8F-AFB7-B1331283E5FF}.Debug|Any CPU.Build.0 = Debug|Any CPU
		{3874FFA3-B0CA-4C8F-AFB7-B1331283E5FF}.Release|Any CPU.ActiveCfg = Release|Any CPU
		{3874FFA3-B0CA-4C8F-AFB7-B1331283E5FF}.Release|Any CPU.Build.0 = Release|Any CPU
		{0364DC8D-71ED-4E6D-A16D-67D2BA2F2BD2}.Debug|Any CPU.ActiveCfg = Debug|Any CPU
		{0364DC8D-71ED-4E6D-A16D-67D2BA2F2BD2}.Debug|Any CPU.Build.0 = Debug|Any CPU
		{0364DC8D-71ED-4E6D-A16D-67D2BA2F2BD2}.Release|Any CPU.ActiveCfg = Release|Any CPU
		{0364DC8D-71ED-4E6D-A16D-67D2BA2F2BD2}.Release|Any CPU.Build.0 = Release|Any CPU
		{8F1A1714-BEF9-48D3-B2FC-B8479998C6A1}.Debug|Any CPU.ActiveCfg = Debug|Any CPU
		{8F1A1714-BEF9-48D3-B2FC-B8479998C6A1}.Debug|Any CPU.Build.0 = Debug|Any CPU
		{8F1A1714-BEF9-48D3-B2FC-B8479998C6A1}.Release|Any CPU.ActiveCfg = Release|Any CPU
		{8F1A1714-BEF9-48D3-B2FC-B8479998C6A1}.Release|Any CPU.Build.0 = Release|Any CPU
	EndGlobalSection
	GlobalSection(SolutionProperties) = preSolution
		HideSolutionNode = FALSE
	EndGlobalSection
	GlobalSection(ExtensibilityGlobals) = postSolution
		SolutionGuid = {F2A9C988-933F-470C-ACB8-7D7CD87458F1}
	EndGlobalSection
EndGlobal
